
Microsoft Visual Studio Solution File, Format Version 12.00
# Visual Studio Version 16
VisualStudioVersion = 16.0.29709.97
MinimumVisualStudioVersion = 10.0.40219.1
Project("{FAE04EC0-301F-11D3-BF4B-00C04F79EFBC}") = "IPCam_System", "IPCam_System\IPCam_System.csproj", "{9FF6B9B7-7256-45E4-9440-4CA388253FA8}"
EndProject
Global
	GlobalSection(SolutionConfigurationPlatforms) = preSolution
		Debug|Any CPU = Debug|Any CPU
		Release|Any CPU = Release|Any CPU
	EndGlobalSection
	GlobalSection(ProjectConfigurationPlatforms) = postSolution
		{9FF6B9B7-7256-45E4-9440-4CA388253FA8}.Debug|Any CPU.ActiveCfg = Debug|Any CPU
		{9FF6B9B7-7256-45E4-9440-4CA388253FA8}.Debug|Any CPU.Build.0 = Debug|Any CPU
		{9FF6B9B7-7256-45E4-9440-4CA388253FA8}.Release|Any CPU.ActiveCfg = Release|Any CPU
		{9FF6B9B7-7256-45E4-9440-4CA388253FA8}.Release|Any CPU.Build.0 = Release|Any CPU
	EndGlobalSection
	GlobalSection(SolutionProperties) = preSolution
		HideSolutionNode = FALSE
	EndGlobalSection
	GlobalSection(ExtensibilityGlobals) = postSolution
		SolutionGuid = {0D6144A5-827A-4970-AF7A-D89662BD9A1A}
	EndGlobalSection
EndGlobal
